
Microsoft Visual Studio Solution File, Format Version 12.00
# Visual Studio Version 17
VisualStudioVersion = 17.3.32929.385
MinimumVisualStudioVersion = 10.0.40219.1
Project("{FAE04EC0-301F-11D3-BF4B-00C04F79EFBC}") = "Examen Final", "Examen Final\Examen Final.csproj", "{BE510EAE-57B9-49AF-BDE7-B59716CCD5E3}"
EndProject
Global
	GlobalSection(SolutionConfigurationPlatforms) = preSolution
		Debug|Any CPU = Debug|Any CPU
		Release|Any CPU = Release|Any CPU
	EndGlobalSection
	GlobalSection(ProjectConfigurationPlatforms) = postSolution
		{BE510EAE-57B9-49AF-BDE7-B59716CCD5E3}.Debug|Any CPU.ActiveCfg = Debug|Any CPU
		{BE510EAE-57B9-49AF-BDE7-B59716CCD5E3}.Debug|Any CPU.Build.0 = Debug|Any CPU
		{BE510EAE-57B9-49AF-BDE7-B59716CCD5E3}.Release|Any CPU.ActiveCfg = Release|Any CPU
		{BE510EAE-57B9-49AF-BDE7-B59716CCD5E3}.Release|Any CPU.Build.0 = Release|Any CPU
	EndGlobalSection
	GlobalSection(SolutionProperties) = preSolution
		HideSolutionNode = FALSE
	EndGlobalSection
	GlobalSection(ExtensibilityGlobals) = postSolution
		SolutionGuid = {5666AC75-9894-4F35-BF55-FA0FFF9F8C0E}
	EndGlobalSection
EndGlobal
